Microsoft Visual Studio Solution File, Format Version 12.00
# Visual Studio Version 16
VisualStudioVersion = 16.0.0.0
MinimumVisualStudioVersion = 16.0.0.0
Project("{9A19103F-16F7-4668-BE54-9A1E7A4F7556}") = "BlazorSsrSendEmail", "BlazorSsrSendEmail\BlazorSsrSendEmail.csproj", "{7BFF3367-6272-42DB-BA21-8633C24F403E}"
EndProject
Project("{9A19103F-16F7-4668-BE54-9A1E7A4F7556}") = "BlazorSsrSendEmail.Client", "BlazorSsrSendEmail.Client\BlazorSsrSendEmail.Client.csproj", "{641BC7D5-E0A1-4C38-9CA8-E8AAFB7D3EC7}"
EndProject
Project("{FAE04EC0-301F-11D3-BF4B-00C04F79EFBC}") = "BlazorSsrSendEmail.ServerComponentTests", "BlazorSsrSendEmail.ServerComponentTests\BlazorSsrSendEmail.ServerComponentTests.csproj", "{221F3DFF-8A11-47D3-AEE5-84C983857F66}"
EndProject
Project("{FAE04EC0-301F-11D3-BF4B-00C04F79EFBC}") = "BlazorSsrSendEmail.ClientComponentTests", "BlazorSsrSendEmail.ClientComponentTests\BlazorSsrSendEmail.ClientComponentTests.csproj", "{8EED1E70-A373-4198-8278-7A21C712537B}"
EndProject
Project("{FAE04EC0-301F-11D3-BF4B-00C04F79EFBC}") = "BlazorSsrSendEmail.BusinessLogic", "BlazorSsrSendEmail.BusinessLogic\BlazorSsrSendEmail.BusinessLogic.csproj", "{45020FA5-E304-4C70-98D5-5D17BAF4166B}"
EndProject
Project("{FAE04EC0-301F-11D3-BF4B-00C04F79EFBC}") = "BlazorSsrSendEmail.UnitTests", "BlazorSsrSendEmail.UnitTests\BlazorSsrSendEmail.UnitTests.csproj", "{64AE2107-E7AB-47CC-A813-2B38E849C46C}"
EndProject
Global
	GlobalSection(SolutionConfigurationPlatforms) = preSolution
		Debug|Any CPU = Debug|Any CPU
		Debug|x64 = Debug|x64
		Debug|x86 = Debug|x86
		Release|Any CPU = Release|Any CPU
		Release|x64 = Release|x64
		Release|x86 = Release|x86
	EndGlobalSection
	GlobalSection(ProjectConfigurationPlatforms) = postSolution
		{641BC7D5-E0A1-4C38-9CA8-E8AAFB7D3EC7}.Debug|Any CPU.ActiveCfg = Debug|Any CPU
		{641BC7D5-E0A1-4C38-9CA8-E8AAFB7D3EC7}.Debug|Any CPU.Build.0 = Debug|Any CPU
		{641BC7D5-E0A1-4C38-9CA8-E8AAFB7D3EC7}.Debug|x64.ActiveCfg = Debug|Any CPU
		{641BC7D5-E0A1-4C38-9CA8-E8AAFB7D3EC7}.Debug|x64.Build.0 = Debug|Any CPU
		{641BC7D5-E0A1-4C38-9CA8-E8AAFB7D3EC7}.Debug|x86.ActiveCfg = Debug|Any CPU
		{641BC7D5-E0A1-4C38-9CA8-E8AAFB7D3EC7}.Debug|x86.Build.0 = Debug|Any CPU
		{641BC7D5-E0A1-4C38-9CA8-E8AAFB7D3EC7}.Release|Any CPU.ActiveCfg = Release|Any CPU
		{641BC7D5-E0A1-4C38-9CA8-E8AAFB7D3EC7}.Release|Any CPU.Build.0 = Release|Any CPU
		{641BC7D5-E0A1-4C38-9CA8-E8AAFB7D3EC7}.Release|x64.ActiveCfg = Release|Any CPU
		{641BC7D5-E0A1-4C38-9CA8-E8AAFB7D3EC7}.Release|x64.Build.0 = Release|Any CPU
		{641BC7D5-E0A1-4C38-9CA8-E8AAFB7D3EC7}.Release|x86.ActiveCfg = Release|Any CPU
		{641BC7D5-E0A1-4C38-9CA8-E8AAFB7D3EC7}.Release|x86.Build.0 = Release|Any CPU
		{7BFF3367-6272-42DB-BA21-8633C24F403E}.Debug|Any CPU.ActiveCfg = Debug|Any CPU
		{7BFF3367-6272-42DB-BA21-8633C24F403E}.Debug|Any CPU.Build.0 = Debug|Any CPU
		{7BFF3367-6272-42DB-BA21-8633C24F403E}.Debug|x64.ActiveCfg = Debug|Any CPU
		{7BFF3367-6272-42DB-BA21-8633C24F403E}.Debug|x64.Build.0 = Debug|Any CPU
		{7BFF3367-6272-42DB-BA21-8633C24F403E}.Debug|x86.ActiveCfg = Debug|Any CPU
		{7BFF3367-6272-42DB-BA21-8633C24F403E}.Debug|x86.Build.0 = Debug|Any CPU
		{7BFF3367-6272-42DB-BA21-8633C24F403E}.Release|Any CPU.ActiveCfg = Release|Any CPU
		{7BFF3367-6272-42DB-BA21-8633C24F403E}.Release|Any CPU.Build.0 = Release|Any CPU
		{7BFF3367-6272-42DB-BA21-8633C24F403E}.Release|x64.ActiveCfg = Release|Any CPU
		{7BFF3367-6272-42DB-BA21-8633C24F403E}.Release|x64.Build.0 = Release|Any CPU
		{7BFF3367-6272-42DB-BA21-8633C24F403E}.Release|x86.ActiveCfg = Release|Any CPU
		{7BFF3367-6272-42DB-BA21-8633C24F403E}.Release|x86.Build.0 = Release|Any CPU
		{221F3DFF-8A11-47D3-AEE5-84C983857F66}.Debug|Any CPU.ActiveCfg = Debug|Any CPU
		{221F3DFF-8A11-47D3-AEE5-84C983857F66}.Debug|Any CPU.Build.0 = Debug|Any CPU
		{221F3DFF-8A11-47D3-AEE5-84C983857F66}.Debug|x64.ActiveCfg = Debug|Any CPU
		{221F3DFF-8A11-47D3-AEE5-84C983857F66}.Debug|x64.Build.0 = Debug|Any CPU
		{221F3DFF-8A11-47D3-AEE5-84C983857F66}.Debug|x86.ActiveCfg = Debug|Any CPU
		{221F3DFF-8A11-47D3-AEE5-84C983857F66}.Debug|x86.Build.0 = Debug|Any CPU
		{221F3DFF-8A11-47D3-AEE5-84C983857F66}.Release|Any CPU.ActiveCfg = Release|Any CPU
		{221F3DFF-8A11-47D3-AEE5-84C983857F66}.Release|Any CPU.Build.0 = Release|Any CPU
		{221F3DFF-8A11-47D3-AEE5-84C983857F66}.Release|x64.ActiveCfg = Release|Any CPU
		{221F3DFF-8A11-47D3-AEE5-84C983857F66}.Release|x64.Build.0 = Release|Any CPU
		{221F3DFF-8A11-47D3-AEE5-84C983857F66}.Release|x86.ActiveCfg = Release|Any CPU
		{221F3DFF-8A11-47D3-AEE5-84C983857F66}.Release|x86.Build.0 = Release|Any CPU
		{8EED1E70-A373-4198-8278-7A21C712537B}.Debug|Any CPU.ActiveCfg = Debug|Any CPU
		{8EED1E70-A373-4198-8278-7A21C712537B}.Debug|Any CPU.Build.0 = Debug|Any CPU
		{8EED1E70-A373-4198-8278-7A21C712537B}.Debug|x64.ActiveCfg = Debug|Any CPU
		{8EED1E70-A373-4198-8278-7A21C712537B}.Debug|x64.Build.0 = Debug|Any CPU
		{8EED1E70-A373-4198-8278-7A21C712537B}.Debug|x86.ActiveCfg = Debug|Any CPU
		{8EED1E70-A373-4198-8278-7A21C712537B}.Debug|x86.Build.0 = Debug|Any CPU
		{8EED1E70-A373-4198-8278-7A21C712537B}.Release|Any CPU.ActiveCfg = Release|Any CPU
		{8EED1E70-A373-4198-8278-7A21C712537B}.Release|Any CPU.Build.0 = Release|Any CPU
		{8EED1E70-A373-4198-8278-7A21C712537B}.Release|x64.ActiveCfg = Release|Any CPU
		{8EED1E70-A373-4198-8278-7A21C712537B}.Release|x64.Build.0 = Release|Any CPU
		{8EED1E70-A373-4198-8278-7A21C712537B}.Release|x86.ActiveCfg = Release|Any CPU
		{8EED1E70-A373-4198-8278-7A21C712537B}.Release|x86.Build.0 = Release|Any CPU
		{45020FA5-E304-4C70-98D5-5D17BAF4166B}.Debug|Any CPU.ActiveCfg = Debug|Any CPU
		{45020FA5-E304-4C70-98D5-5D17BAF4166B}.Debug|Any CPU.Build.0 = Debug|Any CPU
		{45020FA5-E304-4C70-98D5-5D17BAF4166B}.Debug|x64.ActiveCfg = Debug|Any CPU
		{45020FA5-E304-4C70-98D5-5D17BAF4166B}.Debug|x64.Build.0 = Debug|Any CPU
		{45020FA5-E304-4C70-98D5-5D17BAF4166B}.Debug|x86.ActiveCfg = Debug|Any CPU
		{45020FA5-E304-4C70-98D5-5D17BAF4166B}.Debug|x86.Build.0 = Debug|Any CPU
		{45020FA5-E304-4C70-98D5-5D17BAF4166B}.Release|Any CPU.ActiveCfg = Release|Any CPU
		{45020FA5-E304-4C70-98D5-5D17BAF4166B}.Release|Any CPU.Build.0 = Release|Any CPU
		{45020FA5-E304-4C70-98D5-5D17BAF4166B}.Release|x64.ActiveCfg = Release|Any CPU
		{45020FA5-E304-4C70-98D5-5D17BAF4166B}.Release|x64.Build.0 = Release|Any CPU
		{45020FA5-E304-4C70-98D5-5D17BAF4166B}.Release|x86.ActiveCfg = Release|Any CPU
		{45020FA5-E304-4C70-98D5-5D17BAF4166B}.Release|x86.Build.0 = Release|Any CPU
		{64AE2107-E7AB-47CC-A813-2B38E849C46C}.Debug|Any CPU.ActiveCfg = Debug|Any CPU
		{64AE2107-E7AB-47CC-A813-2B38E849C46C}.Debug|Any CPU.Build.0 = Debug|Any CPU
		{64AE2107-E7AB-47CC-A813-2B38E849C46C}.Debug|x64.ActiveCfg = Debug|Any CPU
		{64AE2107-E7AB-47CC-A813-2B38E849C46C}.Debug|x64.Build.0 = Debug|Any CPU
		{64AE2107-E7AB-47CC-A813-2B38E849C46C}.Debug|x86.ActiveCfg = Debug|Any CPU
		{64AE2107-E7AB-47CC-A813-2B38E849C46C}.Debug|x86.Build.0 = Debug|Any CPU
		{64AE2107-E7AB-47CC-A813-2B38E849C46C}.Release|Any CPU.ActiveCfg = Release|Any CPU
		{64AE2107-E7AB-47CC-A813-2B38E849C46C}.Release|Any CPU.Build.0 = Release|Any CPU
		{64AE2107-E7AB-47CC-A813-2B38E849C46C}.Release|x64.ActiveCfg = Release|Any CPU
		{64AE2107-E7AB-47CC-A813-2B38E849C46C}.Release|x64.Build.0 = Release|Any CPU
		{64AE2107-E7AB-47CC-A813-2B38E849C46C}.Release|x86.ActiveCfg = Release|Any CPU
		{64AE2107-E7AB-47CC-A813-2B38E849C46C}.Release|x86.Build.0 = Release|Any CPU
	EndGlobalSection
	GlobalSection(SolutionProperties) = preSolution
		HideSolutionNode = FALSE
	EndGlobalSection
	GlobalSection(ExtensibilityGlobals) = postSolution
		SolutionGuid = {4CFD5E29-ED26-48D5-93B8-F575D0894EFE}
	EndGlobalSection
EndGlobal
